{
  "name": "@devosurf/migmate",
  "version": "0.3.2",
  "lockfileVersion": 3,
  "requires": true,
  "packages": {
    "": {
      "name": "@devosurf/migmate",
      "version": "0.3.2",
      "cpu": [
        "x64",
        "arm64"
      ],
      "license": "UNLICENSED",
      "os": [
        "darwin",
        "linux"
      ],
      "dependencies": {
        "@webviewjs/webview": "0.4.5",
        "parse5": "8.0.0",
        "smol-toml": "1.8.0"
      },
      "bin": {
        "migmate": "dist/cli/main.js"
      },
      "devDependencies": {
        "@types/node": "^24.0.0",
        "prettier": "^3.4.2",
        "typescript": "^5.9.2"
      },
      "engines": {
        "node": ">=24.15.0"
      }
    },
    "node_modules/@types/node": {
      "version": "24.13.3",
      "resolved": "https://registry.npmjs.org/@types/node/-/node-24.13.3.tgz",
      "integrity": "sha512-Dh8vAsV36ig5wa9OX4pXvMc9D3Veibfw2wix0CUwYODLD8nkj9UsLjASr49nPg+2eKzxhBV+v7L8pXvT4e639Q==",
      "dev": true,
      "license": "MIT",
      "dependencies": {
        "undici-types": "~7.18.0"
      }
    },
    "node_modules/@webviewjs/webview": {
      "version": "0.4.5",
      "resolved": "https://registry.npmjs.org/@webviewjs/webview/-/webview-0.4.5.tgz",
      "integrity": "sha512-oM5zAxXL10dFXkMyHxzdeQN1cCpVEP/xGlOyd3iT3u4TItpB1KDiCFWsc3CBz4e6/C8byr3NKnzxlhSD8oKg+g==",
      "license": "MIT",
      "bin": {
        "webview": "cli/index.mjs",
        "webviewjs": "cli/index.mjs"
      },
      "engines": {
        "node": ">= 24"
      },
      "optionalDependencies": {
        "@webviewjs/webview-android-arm-eabi": "0.4.5",
        "@webviewjs/webview-android-arm64": "0.4.5",
        "@webviewjs/webview-darwin-arm64": "0.4.5",
        "@webviewjs/webview-darwin-x64": "0.4.5",
        "@webviewjs/webview-freebsd-x64": "0.4.5",
        "@webviewjs/webview-linux-arm-gnueabihf": "0.4.5",
        "@webviewjs/webview-linux-arm64-gnu": "0.4.5",
        "@webviewjs/webview-linux-ia32-gnu": "0.4.5",
        "@webviewjs/webview-linux-x64-gnu": "0.4.5",
        "@webviewjs/webview-win32-arm64-msvc": "0.4.5",
        "@webviewjs/webview-win32-ia32-msvc": "0.4.5",
        "@webviewjs/webview-win32-x64-msvc": "0.4.5"
      }
    },
    "node_modules/@webviewjs/webview-android-arm-eabi": {
      "version": "0.4.5",
      "resolved": "https://registry.npmjs.org/@webviewjs/webview-android-arm-eabi/-/webview-android-arm-eabi-0.4.5.tgz",
      "integrity": "sha512-2kngQWMpCgsz8B4CTwA3qTxKUZ+IsYdmPFZPzRaOTVHjy1J+3MbeoRH3p0dzbyyoBtzrVJ70e7jOW3O5S3ff6g==",
      "cpu": [
        "arm"
      ],
      "license": "MIT",
      "optional": true,
      "os": [
        "android"
      ],
      "engines": {
        "node": ">= 24"
      }
    },
    "node_modules/@webviewjs/webview-android-arm64": {
      "version": "0.4.5",
      "resolved": "https://registry.npmjs.org/@webviewjs/webview-android-arm64/-/webview-android-arm64-0.4.5.tgz",
      "integrity": "sha512-+L0Z+sWrV+43lyzchJDKOSHOVp7IJMNjlSfmaUhs4PrkNoABD8SZkUrCurwwy/z251vlw2vRAf4r7cNQnqPJ9A==",
      "cpu": [
        "arm64"
      ],
      "license": "MIT",
      "optional": true,
      "os": [
        "android"
      ],
      "engines": {
        "node": ">= 24"
      }
    },
    "node_modules/@webviewjs/webview-darwin-arm64": {
      "version": "0.4.5",
      "resolved": "https://registry.npmjs.org/@webviewjs/webview-darwin-arm64/-/webview-darwin-arm64-0.4.5.tgz",
      "integrity": "sha512-mRZPkE+HDHhchKDmyFuIHOScAHNTKiMi70Vrd0imF3SitnY8l1X/lPOc+XNd0Vg0rXjcG7wxIUluy9D1X2LeqQ==",
      "cpu": [
        "arm64"
      ],
      "license": "MIT",
      "optional": true,
      "os": [
        "darwin"
      ],
      "engines": {
        "node": ">= 24"
      }
    },
    "node_modules/@webviewjs/webview-darwin-x64": {
      "version": "0.4.5",
      "resolved": "https://registry.npmjs.org/@webviewjs/webview-darwin-x64/-/webview-darwin-x64-0.4.5.tgz",
      "integrity": "sha512-Buo1hUiAByymbPYOLQ3QIERD8Gu1t+nRPf7TPc0J7qzxVBYk6ZGEZZW9DE/VlBe4PdnyEWqCYiwI5VWgnI8k7Q==",
      "cpu": [
        "x64"
      ],
      "license": "MIT",
      "optional": true,
      "os": [
        "darwin"
      ],
      "engines": {
        "node": ">= 24"
      }
    },
    "node_modules/@webviewjs/webview-freebsd-x64": {
      "version": "0.4.5",
      "resolved": "https://registry.npmjs.org/@webviewjs/webview-freebsd-x64/-/webview-freebsd-x64-0.4.5.tgz",
      "integrity": "sha512-C6BaJJhfVbc7JbfCSCLNJxdidYLEvwgUrzVUa2wxDFA7mhqvnHpjeH1OzvgArwX4wjczbyCX4X2bCzvJXdB/JA==",
      "cpu": [
        "x64"
      ],
      "license": "MIT",
      "optional": true,
      "os": [
        "freebsd"
      ],
      "engines": {
        "node": ">= 24"
      }
    },
    "node_modules/@webviewjs/webview-linux-arm-gnueabihf": {
      "version": "0.4.5",
      "resolved": "https://registry.npmjs.org/@webviewjs/webview-linux-arm-gnueabihf/-/webview-linux-arm-gnueabihf-0.4.5.tgz",
      "integrity": "sha512-BmMdaQ+0lUCbTUDuvzqceNAJHnIJuRAB017Je/aWNoC6qPoyVGoxHLyDsuv2Pir1/pdbD7Zwv1yRN04vUOWQkw==",
      "cpu": [
        "arm"
      ],
      "license": "MIT",
      "optional": true,
      "os": [
        "linux"
      ],
      "engines": {
        "node": ">= 24"
      }
    },
    "node_modules/@webviewjs/webview-linux-arm64-gnu": {
      "version": "0.4.5",
      "resolved": "https://registry.npmjs.org/@webviewjs/webview-linux-arm64-gnu/-/webview-linux-arm64-gnu-0.4.5.tgz",
      "integrity": "sha512-Fs10Fgc+JLgctJSp9/T1bQ/d0gtrkBn93iKK0yrap3JP7ssXGbXEap46UlFrgjFhWdDK3N2v5qD6foC02/l38g==",
      "cpu": [
        "arm64"
      ],
      "libc": [
        "glibc"
      ],
      "license": "MIT",
      "optional": true,
      "os": [
        "linux"
      ],
      "engines": {
        "node": ">= 24"
      }
    },
    "node_modules/@webviewjs/webview-linux-ia32-gnu": {
      "version": "0.4.5",
      "resolved": "https://registry.npmjs.org/@webviewjs/webview-linux-ia32-gnu/-/webview-linux-ia32-gnu-0.4.5.tgz",
      "integrity": "sha512-vO1XARHhhQ9DEuRAGO5O6ZfAVczme53NQe1otdF4TMRpoBwj47xjTEqxs9G+bS+WoO18pA3tAt69LScLFTYsqw==",
      "cpu": [
        "ia32"
      ],
      "libc": [
        "glibc"
      ],
      "license": "MIT",
      "optional": true,
      "os": [
        "linux"
      ],
      "engines": {
        "node": ">= 24"
      }
    },
    "node_modules/@webviewjs/webview-linux-x64-gnu": {
      "version": "0.4.5",
      "resolved": "https://registry.npmjs.org/@webviewjs/webview-linux-x64-gnu/-/webview-linux-x64-gnu-0.4.5.tgz",
      "integrity": "sha512-OwdnB5AELfONOEWmf5bqVRG55IcX2/+eu/m6EZjx6u+VQwtHAJGUhDDcFaOkPPLmBPKlpogTunKJT7g523KfVw==",
      "cpu": [
        "x64"
      ],
      "libc": [
        "glibc"
      ],
      "license": "MIT",
      "optional": true,
      "os": [
        "linux"
      ],
      "engines": {
        "node": ">= 24"
      }
    },
    "node_modules/@webviewjs/webview-win32-arm64-msvc": {
      "version": "0.4.5",
      "resolved": "https://registry.npmjs.org/@webviewjs/webview-win32-arm64-msvc/-/webview-win32-arm64-msvc-0.4.5.tgz",
      "integrity": "sha512-y2arMKpZgHc4agbSd789d+aK/2bSc3CUpIYLVvKqOc7Byb5YHUgJ0QnCZGsKCazKIYLRpyBePlojC1nXeLIzPg==",
      "cpu": [
        "arm64"
      ],
      "license": "MIT",
      "optional": true,
      "os": [
        "win32"
      ],
      "engines": {
        "node": ">= 24"
      }
    },
    "node_modules/@webviewjs/webview-win32-ia32-msvc": {
      "version": "0.4.5",
      "resolved": "https://registry.npmjs.org/@webviewjs/webview-win32-ia32-msvc/-/webview-win32-ia32-msvc-0.4.5.tgz",
      "integrity": "sha512-OHrGkK5Rlux+vZb+6EFtTGALd1Eu5MU6yjxApR1z2VhOQEcU3f9XjTk8MQU36ehpwJ4GTB+lxiWC6FimOzjXhA==",
      "cpu": [
        "ia32"
      ],
      "license": "MIT",
      "optional": true,
      "os": [
        "win32"
      ],
      "engines": {
        "node": ">= 24"
      }
    },
    "node_modules/@webviewjs/webview-win32-x64-msvc": {
      "version": "0.4.5",
      "resolved": "https://registry.npmjs.org/@webviewjs/webview-win32-x64-msvc/-/webview-win32-x64-msvc-0.4.5.tgz",
      "integrity": "sha512-qeAGU6bn65/AjpakVl4Q0nvbeKL+SJEUAGs2ODuePzUY4iQgSV3njdh3kgxiFUEZ+O/m+gOKk61lzpYLjXeUGg==",
      "cpu": [
        "x64"
      ],
      "license": "MIT",
      "optional": true,
      "os": [
        "win32"
      ],
      "engines": {
        "node": ">= 24"
      }
    },
    "node_modules/entities": {
      "version": "6.0.1",
      "resolved": "https://registry.npmjs.org/entities/-/entities-6.0.1.tgz",
      "integrity": "sha512-aN97NXWF6AWBTahfVOIrB/NShkzi5H7F9r1s9mD3cDj4Ko5f2qhhVoYMibXF7GlLveb/D2ioWay8lxI97Ven3g==",
      "license": "BSD-2-Clause",
      "engines": {
        "node": ">=0.12"
      },
      "funding": {
        "url": "https://github.com/fb55/entities?sponsor=1"
      }
    },
    "node_modules/parse5": {
      "version": "8.0.0",
      "resolved": "https://registry.npmjs.org/parse5/-/parse5-8.0.0.tgz",
      "integrity": "sha512-9m4m5GSgXjL4AjumKzq1Fgfp3Z8rsvjRNbnkVwfu2ImRqE5D0LnY2QfDen18FSY9C573YU5XxSapdHZTZ2WolA==",
      "license": "MIT",
      "dependencies": {
        "entities": "^6.0.0"
      },
      "funding": {
        "url": "https://github.com/inikulin/parse5?sponsor=1"
      }
    },
    "node_modules/prettier": {
      "version": "3.9.6",
      "resolved": "https://registry.npmjs.org/prettier/-/prettier-3.9.6.tgz",
      "integrity": "sha512-OpN0zzVdiaiAhxpuuj5efpIS4sY9j7bY6uR5mnj5yPzGkdkjNKSJeUThPb60Jw29QuAZgA4o+/iB49kFiaBX6g==",
      "dev": true,
      "license": "MIT",
      "bin": {
        "prettier": "bin/prettier.cjs"
      },
      "engines": {
        "node": ">=14"
      },
      "funding": {
        "url": "https://github.com/prettier/prettier?sponsor=1"
      }
    },
    "node_modules/smol-toml": {
      "version": "1.8.0",
      "resolved": "https://registry.npmjs.org/smol-toml/-/smol-toml-1.8.0.tgz",
      "integrity": "sha512-kCZr2V3ch9i00x8zXRhjUNVcjG9ijES5dDudkXvUVCT5QlJNQWElSJdZqyPemffHoLNUYwOcou0Fy+ojN0uHSQ==",
      "license": "BSD-3-Clause",
      "engines": {
        "node": ">= 18"
      },
      "funding": {
        "url": "https://github.com/sponsors/cyyynthia"
      }
    },
    "node_modules/typescript": {
      "version": "5.9.3",
      "resolved": "https://registry.npmjs.org/typescript/-/typescript-5.9.3.tgz",
      "integrity": "sha512-jl1vZzPDinLr9eUt3J/t7V6FgNEw9QjvBPdysz9KfQDD41fQrC2Y4vKQdiaUpFT4bXlb1RHhLpp8wtm6M5TgSw==",
      "dev": true,
      "license": "Apache-2.0",
      "bin": {
        "tsc": "bin/tsc",
        "tsserver": "bin/tsserver"
      },
      "engines": {
        "node": ">=14.17"
      }
    },
    "node_modules/undici-types": {
      "version": "7.18.2",
      "resolved": "https://registry.npmjs.org/undici-types/-/undici-types-7.18.2.tgz",
      "integrity": "sha512-AsuCzffGHJybSaRrmr5eHr81mwJU3kjw6M+uprWvCXiNeN9SOGwQ3Jn8jb8m3Z6izVgknn1R0FTCEAP2QrLY/w==",
      "dev": true,
      "license": "MIT"
    }
  }
}
